// !$*UTF8*$!
{
	archiveVersion = 1;
	classes = {
	};
	objectVersion = 50;
	objects = {

/* Begin PBXBuildFile section */
		7E63EA4F06F16EC817A93258 /* libPods-XXKit.a in Frameworks */ = {isa = PBXBuildFile; fileRef = D27DD4E5A78C5FFEEE8C7421 /* libPods-XXKit.a */; };
		A5EB4A1D3DBAC8D95D9E99E1 /* libPods-XXKitTests.a in Frameworks */ = {isa = PBXBuildFile; fileRef = D1EB7B564C12F3EE47F660C9 /* libPods-XXKitTests.a */; };
		B10BA1512180105300B3C30E /* AppDelegate.m in Sources */ = {isa = PBXBuildFile; fileRef = B10BA1502180105300B3C30E /* AppDelegate.m */; };
		B10BA1592180105500B3C30E /* Assets.xcassets in Resources */ = {isa = PBXBuildFile; fileRef = B10BA1582180105500B3C30E /* Assets.xcassets */; };
		B10BA15C2180105500B3C30E /* LaunchScreen.storyboard in Resources */ = {isa = PBXBuildFile; fileRef = B10BA15A2180105500B3C30E /* LaunchScreen.storyboard */; };
		B10BA15F2180105500B3C30E /* main.m in Sources */ = {isa = PBXBuildFile; fileRef = B10BA15E2180105500B3C30E /* main.m */; };
		B10BA1692180105500B3C30E /* XXKitTests.m in Sources */ = {isa = PBXBuildFile; fileRef = B10BA1682180105500B3C30E /* XXKitTests.m */; };
		B10BA1742180105500B3C30E /* XXKitUITests.m in Sources */ = {isa = PBXBuildFile; fileRef = B10BA1732180105500B3C30E /* XXKitUITests.m */; };
		B10BA18B2180129500B3C30E /* XXBaseViewController.m in Sources */ = {isa = PBXBuildFile; fileRef = B10BA18A2180129500B3C30E /* XXBaseViewController.m */; };
		B10BA18E218012AB00B3C30E /* XXHomeViewController.m in Sources */ = {isa = PBXBuildFile; fileRef = B10BA18D218012AB00B3C30E /* XXHomeViewController.m */; };
		B10BA191218012D100B3C30E /* XXMainTabViewController.m in Sources */ = {isa = PBXBuildFile; fileRef = B10BA190218012D100B3C30E /* XXMainTabViewController.m */; };
		B10BA194218012F100B3C30E /* XXBaseNavgationController.m in Sources */ = {isa = PBXBuildFile; fileRef = B10BA193218012F100B3C30E /* XXBaseNavgationController.m */; };
		B10BA19B2180153000B3C30E /* XXImageViewController.m in Sources */ = {isa = PBXBuildFile; fileRef = B10BA19A2180153000B3C30E /* XXImageViewController.m */; };
		B10BA1A12180158300B3C30E /* XXHomeModel.m in Sources */ = {isa = PBXBuildFile; fileRef = B10BA1A02180158300B3C30E /* XXHomeModel.m */; };
		B10BA1A4218015AC00B3C30E /* XXBaseTableViewCell.m in Sources */ = {isa = PBXBuildFile; fileRef = B10BA1A3218015AC00B3C30E /* XXBaseTableViewCell.m */; };
		B10BA1A7218015BC00B3C30E /* XXHomeTableViewCell.m in Sources */ = {isa = PBXBuildFile; fileRef = B10BA1A6218015BC00B3C30E /* XXHomeTableViewCell.m */; };
		B10BA1BA218020D200B3C30E /* XXImageTool.m in Sources */ = {isa = PBXBuildFile; fileRef = B10BA1B9218020D200B3C30E /* XXImageTool.m */; };
		B10BA1BE2180238400B3C30E /* UIButton+Common.m in Sources */ = {isa = PBXBuildFile; fileRef = B10BA1BC2180238400B3C30E /* UIButton+Common.m */; };
		B10BA1C42180243800B3C30E /* UIImage+Gradient.m in Sources */ = {isa = PBXBuildFile; fileRef = B10BA1C32180243800B3C30E /* UIImage+Gradient.m */; };
		CCF77E961D4FA090DA096BA5 /* libPods-XXKitUITests.a in Frameworks */ = {isa = PBXBuildFile; fileRef = E907FF329C84C42F1877DBB3 /* libPods-XXKitUITests.a */; };
/* End PBXBuildFile section */

/* Begin PBXContainerItemProxy section */
		B10BA1652180105500B3C30E /* PBXContainerItemProxy */ = {
			isa = PBXContainerItemProxy;
			containerPortal = B10BA1442180105200B3C30E /* Project object */;
			proxyType = 1;
			remoteGlobalIDString = B10BA14B2180105300B3C30E;
			remoteInfo = XXKit;
		};
		B10BA1702180105500B3C30E /* PBXContainerItemProxy */ = {
			isa = PBXContainerItemProxy;
			containerPortal = B10BA1442180105200B3C30E /* Project object */;
			proxyType = 1;
			remoteGlobalIDString = B10BA14B2180105300B3C30E;
			remoteInfo = XXKit;
		};
/* End PBXContainerItemProxy section */

/* Begin PBXFileReference section */
		019B46406187F58888597A45 /* Pods-XXKitTests.debug.xcconfig */ = {isa = PBXFileReference; includeInIndex = 1; lastKnownFileType = text.xcconfig; name = "Pods-XXKitTests.debug.xcconfig"; path = "Pods/Target Support Files/Pods-XXKitTests/Pods-XXKitTests.debug.xcconfig"; sourceTree = "<group>"; };
		20F211AF30500A6A15417495 /* Pods-XXKit.debug.xcconfig */ = {isa = PBXFileReference; includeInIndex = 1; lastKnownFileType = text.xcconfig; name = "Pods-XXKit.debug.xcconfig"; path = "Pods/Target Support Files/Pods-XXKit/Pods-XXKit.debug.xcconfig"; sourceTree = "<group>"; };
		3A9AB526531E40FF81009ED1 /* Pods-XXKitUITests.release.xcconfig */ = {isa = PBXFileReference; includeInIndex = 1; lastKnownFileType = text.xcconfig; name = "Pods-XXKitUITests.release.xcconfig"; path = "Pods/Target Support Files/Pods-XXKitUITests/Pods-XXKitUITests.release.xcconfig"; sourceTree = "<group>"; };
		B03E7802DA8ACAEE327832D5 /* Pods-XXKit.release.xcconfig */ = {isa = PBXFileReference; includeInIndex = 1; lastKnownFileType = text.xcconfig; name = "Pods-XXKit.release.xcconfig"; path = "Pods/Target Support Files/Pods-XXKit/Pods-XXKit.release.xcconfig"; sourceTree = "<group>"; };
		B10BA14C2180105300B3C30E /* XXKit.app */ = {isa = PBXFileReference; explicitFileType = wrapper.application; includeInIndex = 0; path = XXKit.app; sourceTree = BUILT_PRODUCTS_DIR; };
		B10BA14F2180105300B3C30E /* AppDelegate.h */ = {isa = PBXFileReference; lastKnownFileType = sourcecode.c.h; path = AppDelegate.h; sourceTree = "<group>"; };
		B10BA1502180105300B3C30E /* AppDelegate.m */ = {isa = PBXFileReference; lastKnownFileType = sourcecode.c.objc; path = AppDelegate.m; sourceTree = "<group>"; };
		B10BA1582180105500B3C30E /* Assets.xcassets */ = {isa = PBXFileReference; lastKnownFileType = folder.assetcatalog; path = Assets.xcassets; sourceTree = "<group>"; };
		B10BA15B2180105500B3C30E /* Base */ = {isa = PBXFileReference; lastKnownFileType = file.storyboard; name = Base; path = Base.lproj/LaunchScreen.storyboard; sourceTree = "<group>"; };
		B10BA15D2180105500B3C30E /* Info.plist */ = {isa = PBXFileReference; lastKnownFileType = text.plist.xml; path = Info.plist; sourceTree = "<group>"; };
		B10BA15E2180105500B3C30E /* main.m */ = {isa = PBXFileReference; lastKnownFileType = sourcecode.c.objc; path = main.m; sourceTree = "<group>"; };
		B10BA1642180105500B3C30E /* XXKitTests.xctest */ = {isa = PBXFileReference; explicitFileType = wrapper.cfbundle; includeInIndex = 0; path = XXKitTests.xctest; sourceTree = BUILT_PRODUCTS_DIR; };
		B10BA1682180105500B3C30E /* XXKitTests.m */ = {isa = PBXFileReference; lastKnownFileType = sourcecode.c.objc; path = XXKitTests.m; sourceTree = "<group>"; };
		B10BA16A2180105500B3C30E /* Info.plist */ = {isa = PBXFileReference; lastKnownFileType = text.plist.xml; path = Info.plist; sourceTree = "<group>"; };
		B10BA16F2180105500B3C30E /* XXKitUITests.xctest */ = {isa = PBXFileReference; explicitFileType = wrapper.cfbundle; includeInIndex = 0; path = XXKitUITests.xctest; sourceTree = BUILT_PRODUCTS_DIR; };
		B10BA1732180105500B3C30E /* XXKitUITests.m */ = {isa = PBXFileReference; lastKnownFileType = sourcecode.c.objc; path = XXKitUITests.m; sourceTree = "<group>"; };
		B10BA1752180105500B3C30E /* Info.plist */ = {isa = PBXFileReference; lastKnownFileType = text.plist.xml; path = Info.plist; sourceTree = "<group>"; };
		B10BA1892180129500B3C30E /* XXBaseViewController.h */ = {isa = PBXFileReference; lastKnownFileType = sourcecode.c.h; path = XXBaseViewController.h; sourceTree = "<group>"; };
		B10BA18A2180129500B3C30E /* XXBaseViewController.m */ = {isa = PBXFileReference; lastKnownFileType = sourcecode.c.objc; path = XXBaseViewController.m; sourceTree = "<group>"; };
		B10BA18C218012AB00B3C30E /* XXHomeViewController.h */ = {isa = PBXFileReference; lastKnownFileType = sourcecode.c.h; path = XXHomeViewController.h; sourceTree = "<group>"; };
		B10BA18D218012AB00B3C30E /* XXHomeViewController.m */ = {isa = PBXFileReference; lastKnownFileType = sourcecode.c.objc; path = XXHomeViewController.m; sourceTree = "<group>"; };
		B10BA18F218012D100B3C30E /* XXMainTabViewController.h */ = {isa = PBXFileReference; lastKnownFileType = sourcecode.c.h; path = XXMainTabViewController.h; sourceTree = "<group>"; };
		B10BA190218012D100B3C30E /* XXMainTabViewController.m */ = {isa = PBXFileReference; lastKnownFileType = sourcecode.c.objc; path = XXMainTabViewController.m; sourceTree = "<group>"; };
		B10BA192218012F100B3C30E /* XXBaseNavgationController.h */ = {isa = PBXFileReference; lastKnownFileType = sourcecode.c.h; path = XXBaseNavgationController.h; sourceTree = "<group>"; };
		B10BA193218012F100B3C30E /* XXBaseNavgationController.m */ = {isa = PBXFileReference; lastKnownFileType = sourcecode.c.objc; path = XXBaseNavgationController.m; sourceTree = "<group>"; };
		B10BA1992180153000B3C30E /* XXImageViewController.h */ = {isa = PBXFileReference; lastKnownFileType = sourcecode.c.h; path = XXImageViewController.h; sourceTree = "<group>"; };
		B10BA19A2180153000B3C30E /* XXImageViewController.m */ = {isa = PBXFileReference; lastKnownFileType = sourcecode.c.objc; path = XXImageViewController.m; sourceTree = "<group>"; };
		B10BA19F2180158300B3C30E /* XXHomeModel.h */ = {isa = PBXFileReference; fileEncoding = 4; lastKnownFileType = sourcecode.c.h; path = XXHomeModel.h; sourceTree = "<group>"; };
		B10BA1A02180158300B3C30E /* XXHomeModel.m */ = {isa = PBXFileReference; fileEncoding = 4; lastKnownFileType = sourcecode.c.objc; path = XXHomeModel.m; sourceTree = "<group>"; };
		B10BA1A2218015AC00B3C30E /* XXBaseTableViewCell.h */ = {isa = PBXFileReference; lastKnownFileType = sourcecode.c.h; path = XXBaseTableViewCell.h; sourceTree = "<group>"; };
		B10BA1A3218015AC00B3C30E /* XXBaseTableViewCell.m */ = {isa = PBXFileReference; lastKnownFileType = sourcecode.c.objc; path = XXBaseTableViewCell.m; sourceTree = "<group>"; };
		B10BA1A5218015BC00B3C30E /* XXHomeTableViewCell.h */ = {isa = PBXFileReference; lastKnownFileType = sourcecode.c.h; path = XXHomeTableViewCell.h; sourceTree = "<group>"; };
		B10BA1A6218015BC00B3C30E /* XXHomeTableViewCell.m */ = {isa = PBXFileReference; lastKnownFileType = sourcecode.c.objc; path = XXHomeTableViewCell.m; sourceTree = "<group>"; };
		B10BA1A82180174900B3C30E /* XXMacro.h */ = {isa = PBXFileReference; lastKnownFileType = sourcecode.c.h; path = XXMacro.h; sourceTree = "<group>"; };
		B10BA1B8218020D200B3C30E /* XXImageTool.h */ = {isa = PBXFileReference; lastKnownFileType = sourcecode.c.h; path = XXImageTool.h; sourceTree = "<group>"; };
		B10BA1B9218020D200B3C30E /* XXImageTool.m */ = {isa = PBXFileReference; lastKnownFileType = sourcecode.c.objc; path = XXImageTool.m; sourceTree = "<group>"; };
		B10BA1BC2180238400B3C30E /* UIButton+Common.m */ = {isa = PBXFileReference; fileEncoding = 4; lastKnownFileType = sourcecode.c.objc; path = "UIButton+Common.m"; sourceTree = "<group>"; };
		B10BA1BD2180238400B3C30E /* UIButton+Common.h */ = {isa = PBXFileReference; fileEncoding = 4; lastKnownFileType = sourcecode.c.h; path = "UIButton+Common.h"; sourceTree = "<group>"; };
		B10BA1C22180243800B3C30E /* UIImage+Gradient.h */ = {isa = PBXFileReference; lastKnownFileType = sourcecode.c.h; path = "UIImage+Gradient.h"; sourceTree = "<group>"; };
		B10BA1C32180243800B3C30E /* UIImage+Gradient.m */ = {isa = PBXFileReference; lastKnownFileType = sourcecode.c.objc; path = "UIImage+Gradient.m"; sourceTree = "<group>"; };
		D1EB7B564C12F3EE47F660C9 /* libPods-XXKitTests.a */ = {isa = PBXFileReference; explicitFileType = archive.ar; includeInIndex = 0; path = "libPods-XXKitTests.a"; sourceTree = BUILT_PRODUCTS_DIR; };
		D27DD4E5A78C5FFEEE8C7421 /* libPods-XXKit.a */ = {isa = PBXFileReference; explicitFileType = archive.ar; includeInIndex = 0; path = "libPods-XXKit.a"; sourceTree = BUILT_PRODUCTS_DIR; };
		D5EF217339B14530F4E77E70 /* Pods-XXKitTests.release.xcconfig */ = {isa = PBXFileReference; includeInIndex = 1; lastKnownFileType = text.xcconfig; name = "Pods-XXKitTests.release.xcconfig"; path = "Pods/Target Support Files/Pods-XXKitTests/Pods-XXKitTests.release.xcconfig"; sourceTree = "<group>"; };
		E907FF329C84C42F1877DBB3 /* libPods-XXKitUITests.a */ = {isa = PBXFileReference; explicitFileType = archive.ar; includeInIndex = 0; path = "libPods-XXKitUITests.a"; sourceTree = BUILT_PRODUCTS_DIR; };
		FB1A3E620918B84967F2C33C /* Pods-XXKitUITests.debug.xcconfig */ = {isa = PBXFileReference; includeInIndex = 1; lastKnownFileType = text.xcconfig; name = "Pods-XXKitUITests.debug.xcconfig"; path = "Pods/Target Support Files/Pods-XXKitUITests/Pods-XXKitUITests.debug.xcconfig"; sourceTree = "<group>"; };
/* End PBXFileReference section */

/* Begin PBXFrameworksBuildPhase section */
		B10BA1492180105300B3C30E /* Frameworks */ = {
			isa = PBXFrameworksBuildPhase;
			buildActionMask = 2147483647;
			files = (
				7E63EA4F06F16EC817A93258 /* libPods-XXKit.a in Frameworks */,
			);
			runOnlyForDeploymentPostprocessing = 0;
		};
		B10BA1612180105500B3C30E /* Frameworks */ = {
			isa = PBXFrameworksBuildPhase;
			buildActionMask = 2147483647;
			files = (
				A5EB4A1D3DBAC8D95D9E99E1 /* libPods-XXKitTests.a in Frameworks */,
			);
			runOnlyForDeploymentPostprocessing = 0;
		};
		B10BA16C2180105500B3C30E /* Frameworks */ = {
			isa = PBXFrameworksBuildPhase;
			buildActionMask = 2147483647;
			files = (
				CCF77E961D4FA090DA096BA5 /* libPods-XXKitUITests.a in Frameworks */,
			);
			runOnlyForDeploymentPostprocessing = 0;
		};
/* End PBXFrameworksBuildPhase section */

/* Begin PBXGroup section */
		1439C9090106FF334538CD17 /* Pods */ = {
			isa = PBXGroup;
			children = (
				20F211AF30500A6A15417495 /* Pods-XXKit.debug.xcconfig */,
				B03E7802DA8ACAEE327832D5 /* Pods-XXKit.release.xcconfig */,
				019B46406187F58888597A45 /* Pods-XXKitTests.debug.xcconfig */,
				D5EF217339B14530F4E77E70 /* Pods-XXKitTests.release.xcconfig */,
				FB1A3E620918B84967F2C33C /* Pods-XXKitUITests.debug.xcconfig */,
				3A9AB526531E40FF81009ED1 /* Pods-XXKitUITests.release.xcconfig */,
			);
			name = Pods;
			sourceTree = "<group>";
		};
		B10BA1432180105200B3C30E = {
			isa = PBXGroup;
			children = (
				B10BA14E2180105300B3C30E /* XXKit */,
				B10BA1672180105500B3C30E /* XXKitTests */,
				B10BA1722180105500B3C30E /* XXKitUITests */,
				B10BA14D2180105300B3C30E /* Products */,
				1439C9090106FF334538CD17 /* Pods */,
				D0B39B7D44F86BF3224376DF /* Frameworks */,
			);
			sourceTree = "<group>";
		};
		B10BA14D2180105300B3C30E /* Products */ = {
			isa = PBXGroup;
			children = (
				B10BA14C2180105300B3C30E /* XXKit.app */,
				B10BA1642180105500B3C30E /* XXKitTests.xctest */,
				B10BA16F2180105500B3C30E /* XXKitUITests.xctest */,
			);
			name = Products;
			sourceTree = "<group>";
		};
		B10BA14E2180105300B3C30E /* XXKit */ = {
			isa = PBXGroup;
			children = (
				B10BA1BB2180238400B3C30E /* Category */,
				B10BA1952180151000B3C30E /* UIKit */,
				B10BA1852180116200B3C30E /* Main */,
				B10BA1812180114D00B3C30E /* Home */,
				B10BA14F2180105300B3C30E /* AppDelegate.h */,
				B10BA1502180105300B3C30E /* AppDelegate.m */,
				B10BA1582180105500B3C30E /* Assets.xcassets */,
				B10BA15A2180105500B3C30E /* LaunchScreen.storyboard */,
				B10BA15D2180105500B3C30E /* Info.plist */,
				B10BA15E2180105500B3C30E /* main.m */,
				B10BA1A82180174900B3C30E /* XXMacro.h */,
			);
			path = XXKit;
			sourceTree = "<group>";
		};
		B10BA1672180105500B3C30E /* XXKitTests */ = {
			isa = PBXGroup;
			children = (
				B10BA1682180105500B3C30E /* XXKitTests.m */,
				B10BA16A2180105500B3C30E /* Info.plist */,
			);
			path = XXKitTests;
			sourceTree = "<group>";
		};
		B10BA1722180105500B3C30E /* XXKitUITests */ = {
			isa = PBXGroup;
			children = (
				B10BA1732180105500B3C30E /* XXKitUITests.m */,
				B10BA1752180105500B3C30E /* Info.plist */,
			);
			path = XXKitUITests;
			sourceTree = "<group>";
		};
		B10BA1812180114D00B3C30E /* Home */ = {
			isa = PBXGroup;
			children = (
				B10BA1822180114D00B3C30E /* Controller */,
				B10BA1832180114D00B3C30E /* Model */,
				B10BA1842180114D00B3C30E /* View */,
			);
			path = Home;
			sourceTree = "<group>";
		};
		B10BA1822180114D00B3C30E /* Controller */ = {
			isa = PBXGroup;
			children = (
				B10BA18C218012AB00B3C30E /* XXHomeViewController.h */,
				B10BA18D218012AB00B3C30E /* XXHomeViewController.m */,
			);
			path = Controller;
			sourceTree = "<group>";
		};
		B10BA1832180114D00B3C30E /* Model */ = {
			isa = PBXGroup;
			children = (
				B10BA19F2180158300B3C30E /* XXHomeModel.h */,
				B10BA1A02180158300B3C30E /* XXHomeModel.m */,
			);
			path = Model;
			sourceTree = "<group>";
		};
		B10BA1842180114D00B3C30E /* View */ = {
			isa = PBXGroup;
			children = (
				B10BA1A5218015BC00B3C30E /* XXHomeTableViewCell.h */,
				B10BA1A6218015BC00B3C30E /* XXHomeTableViewCell.m */,
			);
			path = View;
			sourceTree = "<group>";
		};
		B10BA1852180116200B3C30E /* Main */ = {
			isa = PBXGroup;
			children = (
				B10BA1862180116200B3C30E /* Controller */,
				B10BA1872180116200B3C30E /* Model */,
				B10BA1882180116200B3C30E /* View */,
			);
			path = Main;
			sourceTree = "<group>";
		};
		B10BA1862180116200B3C30E /* Controller */ = {
			isa = PBXGroup;
			children = (
				B10BA1892180129500B3C30E /* XXBaseViewController.h */,
				B10BA18A2180129500B3C30E /* XXBaseViewController.m */,
				B10BA18F218012D100B3C30E /* XXMainTabViewController.h */,
				B10BA190218012D100B3C30E /* XXMainTabViewController.m */,
				B10BA192218012F100B3C30E /* XXBaseNavgationController.h */,
				B10BA193218012F100B3C30E /* XXBaseNavgationController.m */,
			);
			path = Controller;
			sourceTree = "<group>";
		};
		B10BA1872180116200B3C30E /* Model */ = {
			isa = PBXGroup;
			children = (
			);
			path = Model;
			sourceTree = "<group>";
		};
		B10BA1882180116200B3C30E /* View */ = {
			isa = PBXGroup;
			children = (
				B10BA1A2218015AC00B3C30E /* XXBaseTableViewCell.h */,
				B10BA1A3218015AC00B3C30E /* XXBaseTableViewCell.m */,
			);
			path = View;
			sourceTree = "<group>";
		};
		B10BA1952180151000B3C30E /* UIKit */ = {
			isa = PBXGroup;
			children = (
				B10BA1962180151000B3C30E /* Controller */,
				B10BA1972180151000B3C30E /* Model */,
				B10BA1982180151000B3C30E /* View */,
			);
			path = UIKit;
			sourceTree = "<group>";
		};
		B10BA1962180151000B3C30E /* Controller */ = {
			isa = PBXGroup;
			children = (
				B10BA1992180153000B3C30E /* XXImageViewController.h */,
				B10BA19A2180153000B3C30E /* XXImageViewController.m */,
			);
			path = Controller;
			sourceTree = "<group>";
		};
		B10BA1972180151000B3C30E /* Model */ = {
			isa = PBXGroup;
			children = (
				B10BA1B8218020D200B3C30E /* XXImageTool.h */,
				B10BA1B9218020D200B3C30E /* XXImageTool.m */,
			);
			path = Model;
			sourceTree = "<group>";
		};
		B10BA1982180151000B3C30E /* View */ = {
			isa = PBXGroup;
			children = (
			);
			path = View;
			sourceTree = "<group>";
		};
		B10BA1BB2180238400B3C30E /* Category */ = {
			isa = PBXGroup;
			children = (
				B10BA1BD2180238400B3C30E /* UIButton+Common.h */,
				B10BA1BC2180238400B3C30E /* UIButton+Common.m */,
				B10BA1C22180243800B3C30E /* UIImage+Gradient.h */,
				B10BA1C32180243800B3C30E /* UIImage+Gradient.m */,
			);
			path = Category;
			sourceTree = "<group>";
		};
		D0B39B7D44F86BF3224376DF /* Frameworks */ = {
			isa = PBXGroup;
			children = (
				D27DD4E5A78C5FFEEE8C7421 /* libPods-XXKit.a */,
				D1EB7B564C12F3EE47F660C9 /* libPods-XXKitTests.a */,
				E907FF329C84C42F1877DBB3 /* libPods-XXKitUITests.a */,
			);
			name = Frameworks;
			sourceTree = "<group>";
		};
/* End PBXGroup section */

/* Begin PBXNativeTarget section */
		B10BA14B2180105300B3C30E /* XXKit */ = {
			isa = PBXNativeTarget;
			buildConfigurationList = B10BA1782180105500B3C30E /* Build configuration list for PBXNativeTarget "XXKit" */;
			buildPhases = (
				398C41D03F7E8BCB7FB6DDB1 /* [CP] Check Pods Manifest.lock */,
				B10BA1482180105300B3C30E /* Sources */,
				B10BA1492180105300B3C30E /* Frameworks */,
				B10BA14A2180105300B3C30E /* Resources */,
				229CFA2133B92497A6568FF2 /* [CP] Copy Pods Resources */,
			);
			buildRules = (
			);
			dependencies = (
			);
			name = XXKit;
			productName = XXKit;
			productReference = B10BA14C2180105300B3C30E /* XXKit.app */;
			productType = "com.apple.product-type.application";
		};
		B10BA1632180105500B3C30E /* XXKitTests */ = {
			isa = PBXNativeTarget;
			buildConfigurationList = B10BA17B2180105500B3C30E /* Build configuration list for PBXNativeTarget "XXKitTests" */;
			buildPhases = (
				D4DD9E7C27E5170914340A74 /* [CP] Check Pods Manifest.lock */,
				B10BA1602180105500B3C30E /* Sources */,
				B10BA1612180105500B3C30E /* Frameworks */,
				B10BA1622180105500B3C30E /* Resources */,
			);
			buildRules = (
			);
			dependencies = (
				B10BA1662180105500B3C30E /* PBXTargetDependency */,
			);
			name = XXKitTests;
			productName = XXKitTests;
			productReference = B10BA1642180105500B3C30E /* XXKitTests.xctest */;
			productType = "com.apple.product-type.bundle.unit-test";
		};
		B10BA16E2180105500B3C30E /* XXKitUITests */ = {
			isa = PBXNativeTarget;
			buildConfigurationList = B10BA17E2180105500B3C30E /* Build configuration list for PBXNativeTarget "XXKitUITests" */;
			buildPhases = (
				E91255B85B3B3E43ED2855B2 /* [CP] Check Pods Manifest.lock */,
				B10BA16B2180105500B3C30E /* Sources */,
				B10BA16C2180105500B3C30E /* Frameworks */,
				B10BA16D2180105500B3C30E /* Resources */,
			);
			buildRules = (
			);
			dependencies = (
				B10BA1712180105500B3C30E /* PBXTargetDependency */,
			);
			name = XXKitUITests;
			productName = XXKitUITests;
			productReference = B10BA16F2180105500B3C30E /* XXKitUITests.xctest */;
			productType = "com.apple.product-type.bundle.ui-testing";
		};
/* End PBXNativeTarget section */

/* Begin PBXProject section */
		B10BA1442180105200B3C30E /* Project object */ = {
			isa = PBXProject;
			attributes = {
				CLASSPREFIX = XX;
				LastUpgradeCheck = 0930;
				ORGANIZATIONNAME = hanson;
				TargetAttributes = {
					B10BA14B2180105300B3C30E = {
						CreatedOnToolsVersion = 9.3;
					};
					B10BA1632180105500B3C30E = {
						CreatedOnToolsVersion = 9.3;
						TestTargetID = B10BA14B2180105300B3C30E;
					};
					B10BA16E2180105500B3C30E = {
						CreatedOnToolsVersion = 9.3;
						TestTargetID = B10BA14B2180105300B3C30E;
					};
				};
			};
			buildConfigurationList = B10BA1472180105200B3C30E /* Build configuration list for PBXProject "XXKit" */;
			compatibilityVersion = "Xcode 9.3";
			developmentRegion = en;
			hasScannedForEncodings = 0;
			knownRegions = (
				en,
				Base,
			);
			mainGroup = B10BA1432180105200B3C30E;
			productRefGroup = B10BA14D2180105300B3C30E /* Products */;
			projectDirPath = "";
			projectRoot = "";
			targets = (
				B10BA14B2180105300B3C30E /* XXKit */,
				B10BA1632180105500B3C30E /* XXKitTests */,
				B10BA16E2180105500B3C30E /* XXKitUITests */,
			);
		};
/* End PBXProject section */

/* Begin PBXResourcesBuildPhase section */
		B10BA14A2180105300B3C30E /* Resources */ = {
			isa = PBXResourcesBuildPhase;
			buildActionMask = 2147483647;
			files = (
				B10BA15C2180105500B3C30E /* LaunchScreen.storyboard in Resources */,
				B10BA1592180105500B3C30E /* Assets.xcassets in Resources */,
			);
			runOnlyForDeploymentPostprocessing = 0;
		};
		B10BA1622180105500B3C30E /* Resources */ = {
			isa = PBXResourcesBuildPhase;
			buildActionMask = 2147483647;
			files = (
			);
			runOnlyForDeploymentPostprocessing = 0;
		};
		B10BA16D2180105500B3C30E /* Resources */ = {
			isa = PBXResourcesBuildPhase;
			buildActionMask = 2147483647;
			files = (
			);
			runOnlyForDeploymentPostprocessing = 0;
		};
/* End PBXResourcesBuildPhase section */

/* Begin PBXShellScriptBuildPhase section */
		229CFA2133B92497A6568FF2 /* [CP] Copy Pods Resources */ = {
			isa = PBXShellScriptBuildPhase;
			buildActionMask = 2147483647;
			files = (
			);
			inputPaths = (
				"${SRCROOT}/Pods/Target Support Files/Pods-XXKit/Pods-XXKit-resources.sh",
				"${PODS_ROOT}/MJRefresh/MJRefresh/MJRefresh.bundle",
				"${PODS_ROOT}/TZImagePickerController/TZImagePickerController/TZImagePickerController/TZImagePickerController.bundle",
			);
			name = "[CP] Copy Pods Resources";
			outputPaths = (
				"${TARGET_BUILD_DIR}/${UNLOCALIZED_RESOURCES_FOLDER_PATH}/MJRefresh.bundle",
				"${TARGET_BUILD_DIR}/${UNLOCALIZED_RESOURCES_FOLDER_PATH}/TZImagePickerController.bundle",
			);
			runOnlyForDeploymentPostprocessing = 0;
			shellPath = /bin/sh;
			shellScript = "\"${SRCROOT}/Pods/Target Support Files/Pods-XXKit/Pods-XXKit-resources.sh\"\n";
			showEnvVarsInLog = 0;
		};
		398C41D03F7E8BCB7FB6DDB1 /* [CP] Check Pods Manifest.lock */ = {
			isa = PBXShellScriptBuildPhase;
			buildActionMask = 2147483647;
			files = (
			);
			inputPaths = (
				"${PODS_PODFILE_DIR_PATH}/Podfile.lock",
				"${PODS_ROOT}/Manifest.lock",
			);
			name = "[CP] Check Pods Manifest.lock";
			outputPaths = (
				"$(DERIVED_FILE_DIR)/Pods-XXKit-checkManifestLockResult.txt",
			);
			runOnlyForDeploymentPostprocessing = 0;
			shellPath = /bin/sh;
			shellScript = "diff \"${PODS_PODFILE_DIR_PATH}/Podfile.lock\" \"${PODS_ROOT}/Manifest.lock\" > /dev/null\nif [ $? != 0 ] ; then\n    # print error to STDERR\n    echo \"error: The sandbox is not in sync with the Podfile.lock. Run 'pod install' or update your CocoaPods installation.\" >&2\n    exit 1\nfi\n# This output is used by Xcode 'outputs' to avoid re-running this script phase.\necho \"SUCCESS\" > \"${SCRIPT_OUTPUT_FILE_0}\"\n";
			showEnvVarsInLog = 0;
		};
		D4DD9E7C27E5170914340A74 /* [CP] Check Pods Manifest.lock */ = {
			isa = PBXShellScriptBuildPhase;
			buildActionMask = 2147483647;
			files = (
			);
			inputPaths = (
				"${PODS_PODFILE_DIR_PATH}/Podfile.lock",
				"${PODS_ROOT}/Manifest.lock",
			);
			name = "[CP] Check Pods Manifest.lock";
			outputPaths = (
				"$(DERIVED_FILE_DIR)/Pods-XXKitTests-checkManifestLockResult.txt",
			);
			runOnlyForDeploymentPostprocessing = 0;
			shellPath = /bin/sh;
			shellScript = "diff \"${PODS_PODFILE_DIR_PATH}/Podfile.lock\" \"${PODS_ROOT}/Manifest.lock\" > /dev/null\nif [ $? != 0 ] ; then\n    # print error to STDERR\n    echo \"error: The sandbox is not in sync with the Podfile.lock. Run 'pod install' or update your CocoaPods installation.\" >&2\n    exit 1\nfi\n# This output is used by Xcode 'outputs' to avoid re-running this script phase.\necho \"SUCCESS\" > \"${SCRIPT_OUTPUT_FILE_0}\"\n";
			showEnvVarsInLog = 0;
		};
		E91255B85B3B3E43ED2855B2 /* [CP] Check Pods Manifest.lock */ = {
			isa = PBXShellScriptBuildPhase;
			buildActionMask = 2147483647;
			files = (
			);
			inputPaths = (
				"${PODS_PODFILE_DIR_PATH}/Podfile.lock",
				"${PODS_ROOT}/Manifest.lock",
			);
			name = "[CP] Check Pods Manifest.lock";
			outputPaths = (
				"$(DERIVED_FILE_DIR)/Pods-XXKitUITests-checkManifestLockResult.txt",
			);
			runOnlyForDeploymentPostprocessing = 0;
			shellPath = /bin/sh;
			shellScript = "diff \"${PODS_PODFILE_DIR_PATH}/Podfile.lock\" \"${PODS_ROOT}/Manifest.lock\" > /dev/null\nif [ $? != 0 ] ; then\n    # print error to STDERR\n    echo \"error: The sandbox is not in sync with the Podfile.lock. Run 'pod install' or update your CocoaPods installation.\" >&2\n    exit 1\nfi\n# This output is used by Xcode 'outputs' to avoid re-running this script phase.\necho \"SUCCESS\" > \"${SCRIPT_OUTPUT_FILE_0}\"\n";
			showEnvVarsInLog = 0;
		};
/* End PBXShellScriptBuildPhase section */

/* Begin PBXSourcesBuildPhase section */
		B10BA1482180105300B3C30E /* Sources */ = {
			isa = PBXSourcesBuildPhase;
			buildActionMask = 2147483647;
			files = (
				B10BA19B2180153000B3C30E /* XXImageViewController.m in Sources */,
				B10BA194218012F100B3C30E /* XXBaseNavgationController.m in Sources */,
				B10BA1BE2180238400B3C30E /* UIButton+Common.m in Sources */,
				B10BA1A7218015BC00B3C30E /* XXHomeTableViewCell.m in Sources */,
				B10BA1C42180243800B3C30E /* UIImage+Gradient.m in Sources */,
				B10BA15F2180105500B3C30E /* main.m in Sources */,
				B10BA1A12180158300B3C30E /* XXHomeModel.m in Sources */,
				B10BA191218012D100B3C30E /* XXMainTabViewController.m in Sources */,
				B10BA1BA218020D200B3C30E /* XXImageTool.m in Sources */,
				B10BA1A4218015AC00B3C30E /* XXBaseTableViewCell.m in Sources */,
				B10BA18E218012AB00B3C30E /* XXHomeViewController.m in Sources */,
				B10BA18B2180129500B3C30E /* XXBaseViewController.m in Sources */,
				B10BA1512180105300B3C30E /* AppDelegate.m in Sources */,
			);
			runOnlyForDeploymentPostprocessing = 0;
		};
		B10BA1602180105500B3C30E /* Sources */ = {
			isa = PBXSourcesBuildPhase;
			buildActionMask = 2147483647;
			files = (
				B10BA1692180105500B3C30E /* XXKitTests.m in Sources */,
			);
			runOnlyForDeploymentPostprocessing = 0;
		};
		B10BA16B2180105500B3C30E /* Sources */ = {
			isa = PBXSourcesBuildPhase;
			buildActionMask = 2147483647;
			files = (
				B10BA1742180105500B3C30E /* XXKitUITests.m in Sources */,
			);
			runOnlyForDeploymentPostprocessing = 0;
		};
/* End PBXSourcesBuildPhase section */

/* Begin PBXTargetDependency section */
		B10BA1662180105500B3C30E /* PBXTargetDependency */ = {
			isa = PBXTargetDependency;
			target = B10BA14B2180105300B3C30E /* XXKit */;
			targetProxy = B10BA1652180105500B3C30E /* PBXContainerItemProxy */;
		};
		B10BA1712180105500B3C30E /* PBXTargetDependency */ = {
			isa = PBXTargetDependency;
			target = B10BA14B2180105300B3C30E /* XXKit */;
			targetProxy = B10BA1702180105500B3C30E /* PBXContainerItemProxy */;
		};
/* End PBXTargetDependency section */

/* Begin PBXVariantGroup section */
		B10BA15A2180105500B3C30E /* LaunchScreen.storyboard */ = {
			isa = PBXVariantGroup;
			children = (
				B10BA15B2180105500B3C30E /* Base */,
			);
			name = LaunchScreen.storyboard;
			sourceTree = "<group>";
		};
/* End PBXVariantGroup section */

/* Begin XCBuildConfiguration section */
		B10BA1762180105500B3C30E /* Debug */ = {
			isa = XCBuildConfiguration;
			buildSettings = {
				ALWAYS_SEARCH_USER_PATHS = NO;
				CLANG_ANALYZER_NONNULL = YES;
				CLANG_ANALYZER_NUMBER_OBJECT_CONVERSION = YES_AGGRESSIVE;
				CLANG_CXX_LANGUAGE_STANDARD = "gnu++14";
				CLANG_CXX_LIBRARY = "libc++";
				CLANG_ENABLE_MODULES = YES;
				CLANG_ENABLE_OBJC_ARC = YES;
				CLANG_ENABLE_OBJC_WEAK = YES;
				CLANG_WARN_BLOCK_CAPTURE_AUTORELEASING = YES;
				CLANG_WARN_BOOL_CONVERSION = YES;
				CLANG_WARN_COMMA = YES;
				CLANG_WARN_CONSTANT_CONVERSION = YES;
				CLANG_WARN_DEPRECATED_OBJC_IMPLEMENTATIONS = YES;
				CLANG_WARN_DIRECT_OBJC_ISA_USAGE = YES_ERROR;
				CLANG_WARN_DOCUMENTATION_COMMENTS = YES;
				CLANG_WARN_EMPTY_BODY = YES;
				CLANG_WARN_ENUM_CONVERSION = YES;
				CLANG_WARN_INFINITE_RECURSION = YES;
				CLANG_WARN_INT_CONVERSION = YES;
				CLANG_WARN_NON_LITERAL_NULL_CONVERSION = YES;
				CLANG_WARN_OBJC_IMPLICIT_RETAIN_SELF = YES;
				CLANG_WARN_OBJC_LITERAL_CONVERSION = YES;
				CLANG_WARN_OBJC_ROOT_CLASS = YES_ERROR;
				CLANG_WARN_RANGE_LOOP_ANALYSIS = YES;
				CLANG_WARN_STRICT_PROTOTYPES = YES;
				CLANG_WARN_SUSPICIOUS_MOVE = YES;
				CLANG_WARN_UNGUARDED_AVAILABILITY = YES_AGGRESSIVE;
				CLANG_WARN_UNREACHABLE_CODE = YES;
				CLANG_WARN__DUPLICATE_METHOD_MATCH = YES;
				CODE_SIGN_IDENTITY = "iPhone Developer";
				COPY_PHASE_STRIP = NO;
				DEBUG_INFORMATION_FORMAT = dwarf;
				ENABLE_STRICT_OBJC_MSGSEND = YES;
				ENABLE_TESTABILITY = YES;
				GCC_C_LANGUAGE_STANDARD = gnu11;
				GCC_DYNAMIC_NO_PIC = NO;
				GCC_NO_COMMON_BLOCKS = YES;
				GCC_OPTIMIZATION_LEVEL = 0;
				GCC_PREPROCESSOR_DEFINITIONS = (
					"DEBUG=1",
					"$(inherited)",
				);
				GCC_WARN_64_TO_32_BIT_CONVERSION = YES;
				GCC_WARN_ABOUT_RETURN_TYPE = YES_ERROR;
				GCC_WARN_UNDECLARED_SELECTOR = YES;
				GCC_WARN_UNINITIALIZED_AUTOS = YES_AGGRESSIVE;
				GCC_WARN_UNUSED_FUNCTION = YES;
				GCC_WARN_UNUSED_VARIABLE = YES;
				IPHONEOS_DEPLOYMENT_TARGET = 11.3;
				MTL_ENABLE_DEBUG_INFO = YES;
				ONLY_ACTIVE_ARCH = YES;
				SDKROOT = iphoneos;
			};
			name = Debug;
		};
		B10BA1772180105500B3C30E /* Release */ = {
			isa = XCBuildConfiguration;
			buildSettings = {
				ALWAYS_SEARCH_USER_PATHS = NO;
				CLANG_ANALYZER_NONNULL = YES;
				CLANG_ANALYZER_NUMBER_OBJECT_CONVERSION = YES_AGGRESSIVE;
				CLANG_CXX_LANGUAGE_STANDARD = "gnu++14";
				CLANG_CXX_LIBRARY = "libc++";
				CLANG_ENABLE_MODULES = YES;
				CLANG_ENABLE_OBJC_ARC = YES;
				CLANG_ENABLE_OBJC_WEAK = YES;
				CLANG_WARN_BLOCK_CAPTURE_AUTORELEASING = YES;
				CLANG_WARN_BOOL_CONVERSION = YES;
				CLANG_WARN_COMMA = YES;
				CLANG_WARN_CONSTANT_CONVERSION = YES;
				CLANG_WARN_DEPRECATED_OBJC_IMPLEMENTATIONS = YES;
				CLANG_WARN_DIRECT_OBJC_ISA_USAGE = YES_ERROR;
				CLANG_WARN_DOCUMENTATION_COMMENTS = YES;
				CLANG_WARN_EMPTY_BODY = YES;
				CLANG_WARN_ENUM_CONVERSION = YES;
				CLANG_WARN_INFINITE_RECURSION = YES;
				CLANG_WARN_INT_CONVERSION = YES;
				CLANG_WARN_NON_LITERAL_NULL_CONVERSION = YES;
				CLANG_WARN_OBJC_IMPLICIT_RETAIN_SELF = YES;
				CLANG_WARN_OBJC_LITERAL_CONVERSION = YES;
				CLANG_WARN_OBJC_ROOT_CLASS = YES_ERROR;
				CLANG_WARN_RANGE_LOOP_ANALYSIS = YES;
				CLANG_WARN_STRICT_PROTOTYPES = YES;
				CLANG_WARN_SUSPICIOUS_MOVE = YES;
				CLANG_WARN_UNGUARDED_AVAILABILITY = YES_AGGRESSIVE;
				CLANG_WARN_UNREACHABLE_CODE = YES;
				CLANG_WARN__DUPLICATE_METHOD_MATCH = YES;
				CODE_SIGN_IDENTITY = "iPhone Developer";
				COPY_PHASE_STRIP = NO;
				DEBUG_INFORMATION_FORMAT = "dwarf-with-dsym";
				ENABLE_NS_ASSERTIONS = NO;
				ENABLE_STRICT_OBJC_MSGSEND = YES;
				GCC_C_LANGUAGE_STANDARD = gnu11;
				GCC_NO_COMMON_BLOCKS = YES;
				GCC_WARN_64_TO_32_BIT_CONVERSION = YES;
				GCC_WARN_ABOUT_RETURN_TYPE = YES_ERROR;
				GCC_WARN_UNDECLARED_SELECTOR = YES;
				GCC_WARN_UNINITIALIZED_AUTOS = YES_AGGRESSIVE;
				GCC_WARN_UNUSED_FUNCTION = YES;
				GCC_WARN_UNUSED_VARIABLE = YES;
				IPHONEOS_DEPLOYMENT_TARGET = 11.3;
				MTL_ENABLE_DEBUG_INFO = NO;
				SDKROOT = iphoneos;
				VALIDATE_PRODUCT = YES;
			};
			name = Release;
		};
		B10BA1792180105500B3C30E /* Debug */ = {
			isa = XCBuildConfiguration;
			baseConfigurationReference = 20F211AF30500A6A15417495 /* Pods-XXKit.debug.xcconfig */;
			buildSettings = {
				ASSETCATALOG_COMPILER_APPICON_NAME = AppIcon;
				CODE_SIGN_STYLE = Automatic;
				DEVELOPMENT_TEAM = N8CV25M4FV;
				INFOPLIST_FILE = XXKit/Info.plist;
				IPHONEOS_DEPLOYMENT_TARGET = 8.0;
				LD_RUNPATH_SEARCH_PATHS = (
					"$(inherited)",
					"@executable_path/Frameworks",
				);
				PRODUCT_BUNDLE_IDENTIFIER = cn.luuo.XXKit;
				PRODUCT_NAME = "$(TARGET_NAME)";
				TARGETED_DEVICE_FAMILY = "1,2";
			};
			name = Debug;
		};
		B10BA17A2180105500B3C30E /* Release */ = {
			isa = XCBuildConfiguration;
			baseConfigurationReference = B03E7802DA8ACAEE327832D5 /* Pods-XXKit.release.xcconfig */;
			buildSettings = {
				ASSETCATALOG_COMPILER_APPICON_NAME = AppIcon;
				CODE_SIGN_STYLE = Automatic;
				DEVELOPMENT_TEAM = N8CV25M4FV;
				INFOPLIST_FILE = XXKit/Info.plist;
				IPHONEOS_DEPLOYMENT_TARGET = 8.0;
				LD_RUNPATH_SEARCH_PATHS = (
					"$(inherited)",
					"@executable_path/Frameworks",
				);
				PRODUCT_BUNDLE_IDENTIFIER = cn.luuo.XXKit;
				PRODUCT_NAME = "$(TARGET_NAME)";
				TARGETED_DEVICE_FAMILY = "1,2";
			};
			name = Release;
		};
		B10BA17C2180105500B3C30E /* Debug */ = {
			isa = XCBuildConfiguration;
			baseConfigurationReference = 019B46406187F58888597A45 /* Pods-XXKitTests.debug.xcconfig */;
			buildSettings = {
				BUNDLE_LOADER = "$(TEST_HOST)";
				CODE_SIGN_STYLE = Automatic;
				DEVELOPMENT_TEAM = N8CV25M4FV;
				INFOPLIST_FILE = XXKitTests/Info.plist;
				LD_RUNPATH_SEARCH_PATHS = (
					"$(inherited)",
					"@executable_path/Frameworks",
					"@loader_path/Frameworks",
				);
				PRODUCT_BUNDLE_IDENTIFIER = cn.luuo.XXKitTests;
				PRODUCT_NAME = "$(TARGET_NAME)";
				TARGETED_DEVICE_FAMILY = "1,2";
				TEST_HOST = "$(BUILT_PRODUCTS_DIR)/XXKit.app/XXKit";
			};
			name = Debug;
		};
		B10BA17D2180105500B3C30E /* Release */ = {
			isa = XCBuildConfiguration;
			baseConfigurationReference = D5EF217339B14530F4E77E70 /* Pods-XXKitTests.release.xcconfig */;
			buildSettings = {
				BUNDLE_LOADER = "$(TEST_HOST)";
				CODE_SIGN_STYLE = Automatic;
				DEVELOPMENT_TEAM = N8CV25M4FV;
				INFOPLIST_FILE = XXKitTests/Info.plist;
				LD_RUNPATH_SEARCH_PATHS = (
					"$(inherited)",
					"@executable_path/Frameworks",
					"@loader_path/Frameworks",
				);
				PRODUCT_BUNDLE_IDENTIFIER = cn.luuo.XXKitTests;
				PRODUCT_NAME = "$(TARGET_NAME)";
				TARGETED_DEVICE_FAMILY = "1,2";
				TEST_HOST = "$(BUILT_PRODUCTS_DIR)/XXKit.app/XXKit";
			};
			name = Release;
		};
		B10BA17F2180105500B3C30E /* Debug */ = {
			isa = XCBuildConfiguration;
			baseConfigurationReference = FB1A3E620918B84967F2C33C /* Pods-XXKitUITests.debug.xcconfig */;
			buildSettings = {
				CODE_SIGN_STYLE = Automatic;
				DEVELOPMENT_TEAM = N8CV25M4FV;
				INFOPLIST_FILE = XXKitUITests/Info.plist;
				LD_RUNPATH_SEARCH_PATHS = (
					"$(inherited)",
					"@executable_path/Frameworks",
					"@loader_path/Frameworks",
				);
				PRODUCT_BUNDLE_IDENTIFIER = cn.luuo.XXKitUITests;
				PRODUCT_NAME = "$(TARGET_NAME)";
				TARGETED_DEVICE_FAMILY = "1,2";
				TEST_TARGET_NAME = XXKit;
			};
			name = Debug;
		};
		B10BA1802180105500B3C30E /* Release */ = {
			isa = XCBuildConfiguration;
			baseConfigurationReference = 3A9AB526531E40FF81009ED1 /* Pods-XXKitUITests.release.xcconfig */;
			buildSettings = {
				CODE_SIGN_STYLE = Automatic;
				DEVELOPMENT_TEAM = N8CV25M4FV;
				INFOPLIST_FILE = XXKitUITests/Info.plist;
				LD_RUNPATH_SEARCH_PATHS = (
					"$(inherited)",
					"@executable_path/Frameworks",
					"@loader_path/Frameworks",
				);
				PRODUCT_BUNDLE_IDENTIFIER = cn.luuo.XXKitUITests;
				PRODUCT_NAME = "$(TARGET_NAME)";
				TARGETED_DEVICE_FAMILY = "1,2";
				TEST_TARGET_NAME = XXKit;
			};
			name = Release;
		};
/* End XCBuildConfiguration section */

/* Begin XCConfigurationList section */
		B10BA1472180105200B3C30E /* Build configuration list for PBXProject "XXKit" */ = {
			isa = XCConfigurationList;
			buildConfigurations = (
				B10BA1762180105500B3C30E /* Debug */,
				B10BA1772180105500B3C30E /* Release */,
			);
			defaultConfigurationIsVisible = 0;
			defaultConfigurationName = Release;
		};
		B10BA1782180105500B3C30E /* Build configuration list for PBXNativeTarget "XXKit" */ = {
			isa = XCConfigurationList;
			buildConfigurations = (
				B10BA1792180105500B3C30E /* Debug */,
				B10BA17A2180105500B3C30E /* Release */,
			);
			defaultConfigurationIsVisible = 0;
			defaultConfigurationName = Release;
		};
		B10BA17B2180105500B3C30E /* Build configuration list for PBXNativeTarget "XXKitTests" */ = {
			isa = XCConfigurationList;
			buildConfigurations = (
				B10BA17C2180105500B3C30E /* Debug */,
				B10BA17D2180105500B3C30E /* Release */,
			);
			defaultConfigurationIsVisible = 0;
			defaultConfigurationName = Release;
		};
		B10BA17E2180105500B3C30E /* Build configuration list for PBXNativeTarget "XXKitUITests" */ = {
			isa = XCConfigurationList;
			buildConfigurations = (
				B10BA17F2180105500B3C30E /* Debug */,
				B10BA1802180105500B3C30E /* Release */,
			);
			defaultConfigurationIsVisible = 0;
			defaultConfigurationName = Release;
		};
/* End XCConfigurationList section */
	};
	rootObject = B10BA1442180105200B3C30E /* Project object */;
}
